
Microsoft Visual Studio Solution File, Format Version 12.00
# Visual Studio Version 16
VisualStudioVersion = 16.0.30907.101
MinimumVisualStudioVersion = 10.0.40219.1
Project("{FAE04EC0-301F-11D3-BF4B-00C04F79EFBC}") = "Gymify.Web", "Gymify.Web.csproj", "{F13B447A-7518-46FE-A27A-952AACBCAD31}"
EndProject
Project("{FAE04EC0-301F-11D3-BF4B-00C04F79EFBC}") = "Gymify.Domain", "..\Gymify.Domain\Gymify.Domain.csproj", "{560F64AD-C33C-4236-9E00-3945160BCEF1}"
EndProject
Project("{FAE04EC0-301F-11D3-BF4B-00C04F79EFBC}") = "Gymify.Data", "..\Gymify.Data\Gymify.Data.csproj", "{94E15552-4437-4FAC-81BB-F334C8CAEFA7}"
EndProject
Global
	GlobalSection(SolutionConfigurationPlatforms) = preSolution
		Debug|Any CPU = Debug|Any CPU
		Release|Any CPU = Release|Any CPU
	EndGlobalSection
	GlobalSection(ProjectConfigurationPlatforms) = postSolution
		{F13B447A-7518-46FE-A27A-952AACBCAD31}.Debug|Any CPU.ActiveCfg = Debug|Any CPU
		{F13B447A-7518-46FE-A27A-952AACBCAD31}.Debug|Any CPU.Build.0 = Debug|Any CPU
		{F13B447A-7518-46FE-A27A-952AACBCAD31}.Release|Any CPU.ActiveCfg = Release|Any CPU
		{F13B447A-7518-46FE-A27A-952AACBCAD31}.Release|Any CPU.Build.0 = Release|Any CPU
		{560F64AD-C33C-4236-9E00-3945160BCEF1}.Debug|Any CPU.ActiveCfg = Debug|Any CPU
		{560F64AD-C33C-4236-9E00-3945160BCEF1}.Debug|Any CPU.Build.0 = Debug|Any CPU
		{560F64AD-C33C-4236-9E00-3945160BCEF1}.Release|Any CPU.ActiveCfg = Release|Any CPU
		{560F64AD-C33C-4236-9E00-3945160BCEF1}.Release|Any CPU.Build.0 = Release|Any CPU
		{94E15552-4437-4FAC-81BB-F334C8CAEFA7}.Debug|Any CPU.ActiveCfg = Debug|Any CPU
		{94E15552-4437-4FAC-81BB-F334C8CAEFA7}.Debug|Any CPU.Build.0 = Debug|Any CPU
		{94E15552-4437-4FAC-81BB-F334C8CAEFA7}.Release|Any CPU.ActiveCfg = Release|Any CPU
		{94E15552-4437-4FAC-81BB-F334C8CAEFA7}.Release|Any CPU.Build.0 = Release|Any CPU
	EndGlobalSection
	GlobalSection(SolutionProperties) = preSolution
		HideSolutionNode = FALSE
	EndGlobalSection
	GlobalSection(ExtensibilityGlobals) = postSolution
		SolutionGuid = {895B9C86-E939-4469-A651-4A4B1FCE0207}
	EndGlobalSection
EndGlobal
